// !$*UTF8*$!
{
	archiveVersion = 1;
	classes = {
	};
	objectVersion = 55;
	objects = {

/* Begin PBXBuildFile section */
		EE893C372867529100977424 /* AppDelegate.swift in Sources */ = {isa = PBXBuildFile; fileRef = EE893C362867529100977424 /* AppDelegate.swift */; };
		EE893C392867529100977424 /* SceneDelegate.swift in Sources */ = {isa = PBXBuildFile; fileRef = EE893C382867529100977424 /* SceneDelegate.swift */; };
		EE893C3B2867529100977424 /* ViewController.swift in Sources */ = {isa = PBXBuildFile; fileRef = EE893C3A2867529100977424 /* ViewController.swift */; };
		EE893C3E2867529100977424 /* Main.storyboard in Resources */ = {isa = PBXBuildFile; fileRef = EE893C3C2867529100977424 /* Main.storyboard */; };
		EE893C402867529300977424 /* Assets.xcassets in Resources */ = {isa = PBXBuildFile; fileRef = EE893C3F2867529300977424 /* Assets.xcassets */; };
		EE893C432867529300977424 /* LaunchScreen.storyboard in Resources */ = {isa = PBXBuildFile; fileRef = EE893C412867529300977424 /* LaunchScreen.storyboard */; };
		EE893C4B2867B5A300977424 /* Question.swift in Sources */ = {isa = PBXBuildFile; fileRef = EE893C4A2867B5A300977424 /* Question.swift */; };
		EE893C4E2867B6A000977424 /* QuestionBrain.swift in Sources */ = {isa = PBXBuildFile; fileRef = EE893C4D2867B6A000977424 /* QuestionBrain.swift */; };
		EEEECA81286A079400C229CA /* B.wav in Resources */ = {isa = PBXBuildFile; fileRef = EEEECA80286A079400C229CA /* B.wav */; };
		EEEECA83286A3D6500C229CA /* WrongSound.wav in Resources */ = {isa = PBXBuildFile; fileRef = EEEECA82286A3D6500C229CA /* WrongSound.wav */; };
/* End PBXBuildFile section */

/* Begin PBXFileReference section */
		EE893C332867529100977424 /* QuizlerMultiple.app */ = {isa = PBXFileReference; explicitFileType = wrapper.application; includeInIndex = 0; path = QuizlerMultiple.app; sourceTree = BUILT_PRODUCTS_DIR; };
		EE893C362867529100977424 /* AppDelegate.swift */ = {isa = PBXFileReference; lastKnownFileType = sourcecode.swift; path = AppDelegate.swift; sourceTree = "<group>"; };
		EE893C382867529100977424 /* SceneDelegate.swift */ = {isa = PBXFileReference; lastKnownFileType = sourcecode.swift; path = SceneDelegate.swift; sourceTree = "<group>"; };
		EE893C3A2867529100977424 /* ViewController.swift */ = {isa = PBXFileReference; lastKnownFileType = sourcecode.swift; path = ViewController.swift; sourceTree = "<group>"; };
		EE893C3D2867529100977424 /* Base */ = {isa = PBXFileReference; lastKnownFileType = file.storyboard; name = Base; path = Base.lproj/Main.storyboard; sourceTree = "<group>"; };
		EE893C3F2867529300977424 /* Assets.xcassets */ = {isa = PBXFileReference; lastKnownFileType = folder.assetcatalog; path = Assets.xcassets; sourceTree = "<group>"; };
		EE893C422867529300977424 /* Base */ = {isa = PBXFileReference; lastKnownFileType = file.storyboard; name = Base; path = Base.lproj/LaunchScreen.storyboard; sourceTree = "<group>"; };
		EE893C442867529300977424 /* Info.plist */ = {isa = PBXFileReference; lastKnownFileType = text.plist.xml; path = Info.plist; sourceTree = "<group>"; };
		EE893C4A2867B5A300977424 /* Question.swift */ = {isa = PBXFileReference; lastKnownFileType = sourcecode.swift; path = Question.swift; sourceTree = "<group>"; };
		EE893C4D2867B6A000977424 /* QuestionBrain.swift */ = {isa = PBXFileReference; lastKnownFileType = sourcecode.swift; path = QuestionBrain.swift; sourceTree = "<group>"; };
		EEEECA80286A079400C229CA /* B.wav */ = {isa = PBXFileReference; lastKnownFileType = audio.wav; path = B.wav; sourceTree = "<group>"; };
		EEEECA82286A3D6500C229CA /* WrongSound.wav */ = {isa = PBXFileReference; lastKnownFileType = audio.wav; name = WrongSound.wav; path = QuizlerMultiple/WrongSound.wav; sourceTree = SOURCE_ROOT; };
/* End PBXFileReference section */

/* Begin PBXFrameworksBuildPhase section */
		EE893C302867529100977424 /* Frameworks */ = {
			isa = PBXFrameworksBuildPhase;
			buildActionMask = 2147483647;
			files = (
			);
			runOnlyForDeploymentPostprocessing = 0;
		};
/* End PBXFrameworksBuildPhase section */

/* Begin PBXGroup section */
		EE893C2A2867529100977424 = {
			isa = PBXGroup;
			children = (
				EE893C352867529100977424 /* QuizlerMultiple */,
				EE893C342867529100977424 /* Products */,
			);
			sourceTree = "<group>";
		};
		EE893C342867529100977424 /* Products */ = {
			isa = PBXGroup;
			children = (
				EE893C332867529100977424 /* QuizlerMultiple.app */,
			);
			name = Products;
			sourceTree = "<group>";
		};
		EE893C352867529100977424 /* QuizlerMultiple */ = {
			isa = PBXGroup;
			children = (
				EEEECA82286A3D6500C229CA /* WrongSound.wav */,
				EEEECA80286A079400C229CA /* B.wav */,
				EE893C362867529100977424 /* AppDelegate.swift */,
				EE893C382867529100977424 /* SceneDelegate.swift */,
				EE893C3A2867529100977424 /* ViewController.swift */,
				EE893C3C2867529100977424 /* Main.storyboard */,
				EE893C3F2867529300977424 /* Assets.xcassets */,
				EE893C412867529300977424 /* LaunchScreen.storyboard */,
				EE893C442867529300977424 /* Info.plist */,
				EE893C4C2867B5AE00977424 /* Model */,
			);
			path = QuizlerMultiple;
			sourceTree = "<group>";
		};
		EE893C4C2867B5AE00977424 /* Model */ = {
			isa = PBXGroup;
			children = (
				EE893C4A2867B5A300977424 /* Question.swift */,
				EE893C4D2867B6A000977424 /* QuestionBrain.swift */,
			);
			path = Model;
			sourceTree = "<group>";
		};
/* End PBXGroup section */

/* Begin PBXNativeTarget section */
		EE893C322867529100977424 /* QuizlerMultiple */ = {
			isa = PBXNativeTarget;
			buildConfigurationList = EE893C472867529300977424 /* Build configuration list for PBXNativeTarget "QuizlerMultiple" */;
			buildPhases = (
				EE893C2F2867529100977424 /* Sources */,
				EE893C302867529100977424 /* Frameworks */,
				EE893C312867529100977424 /* Resources */,
			);
			buildRules = (
			);
			dependencies = (
			);
			name = QuizlerMultiple;
			productName = QuizlerMultiple;
			productReference = EE893C332867529100977424 /* QuizlerMultiple.app */;
			productType = "com.apple.product-type.application";
		};
/* End PBXNativeTarget section */

/* Begin PBXProject section */
		EE893C2B2867529100977424 /* Project object */ = {
			isa = PBXProject;
			attributes = {
				BuildIndependentTargetsInParallel = 1;
				LastSwiftUpdateCheck = 1330;
				LastUpgradeCheck = 1330;
				TargetAttributes = {
					EE893C322867529100977424 = {
						CreatedOnToolsVersion = 13.3.1;
					};
				};
			};
			buildConfigurationList = EE893C2E2867529100977424 /* Build configuration list for PBXProject "QuizlerMultiple" */;
			compatibilityVersion = "Xcode 13.0";
			developmentRegion = en;
			hasScannedForEncodings = 0;
			knownRegions = (
				en,
				Base,
			);
			mainGroup = EE893C2A2867529100977424;
			productRefGroup = EE893C342867529100977424 /* Products */;
			projectDirPath = "";
			projectRoot = "";
			targets = (
				EE893C322867529100977424 /* QuizlerMultiple */,
			);
		};
/* End PBXProject section */

/* Begin PBXResourcesBuildPhase section */
		EE893C312867529100977424 /* Resources */ = {
			isa = PBXResourcesBuildPhase;
			buildActionMask = 2147483647;
			files = (
				EE893C432867529300977424 /* LaunchScreen.storyboard in Resources */,
				EE893C402867529300977424 /* Assets.xcassets in Resources */,
				EEEECA83286A3D6500C229CA /* WrongSound.wav in Resources */,
				EE893C3E2867529100977424 /* Main.storyboard in Resources */,
				EEEECA81286A079400C229CA /* B.wav in Resources */,
			);
			runOnlyForDeploymentPostprocessing = 0;
		};
/* End PBXResourcesBuildPhase section */

/* Begin PBXSourcesBuildPhase section */
		EE893C2F2867529100977424 /* Sources */ = {
			isa = PBXSourcesBuildPhase;
			buildActionMask = 2147483647;
			files = (
				EE893C3B2867529100977424 /* ViewController.swift in Sources */,
				EE893C4B2867B5A300977424 /* Question.swift in Sources */,
				EE893C372867529100977424 /* AppDelegate.swift in Sources */,
				EE893C4E2867B6A000977424 /* QuestionBrain.swift in Sources */,
				EE893C392867529100977424 /* SceneDelegate.swift in Sources */,
			);
			runOnlyForDeploymentPostprocessing = 0;
		};
/* End PBXSourcesBuildPhase section */

/* Begin PBXVariantGroup section */
		EE893C3C2867529100977424 /* Main.storyboard */ = {
			isa = PBXVariantGroup;
			children = (
				EE893C3D2867529100977424 /* Base */,
			);
			name = Main.storyboard;
			sourceTree = "<group>";
		};
		EE893C412867529300977424 /* LaunchScreen.storyboard */ = {
			isa = PBXVariantGroup;
			children = (
				EE893C422867529300977424 /* Base */,
			);
			name = LaunchScreen.storyboard;
			sourceTree = "<group>";
		};
/* End PBXVariantGroup section */

/* Begin XCBuildConfiguration section */
		EE893C452867529300977424 /* Debug */ = {
			isa = XCBuildConfiguration;
			buildSettings = {
				ALWAYS_SEARCH_USER_PATHS = NO;
				CLANG_ANALYZER_NONNULL = YES;
				CLANG_ANALYZER_NUMBER_OBJECT_CONVERSION = YES_AGGRESSIVE;
				CLANG_CXX_LANGUAGE_STANDARD = "gnu++17";
				CLANG_ENABLE_MODULES = YES;
				CLANG_ENABLE_OBJC_ARC = YES;
				CLANG_ENABLE_OBJC_WEAK = YES;
				CLANG_WARN_BLOCK_CAPTURE_AUTORELEASING = YES;
				CLANG_WARN_BOOL_CONVERSION = YES;
				CLANG_WARN_COMMA = YES;
				CLANG_WARN_CONSTANT_CONVERSION = YES;
				CLANG_WARN_DEPRECATED_OBJC_IMPLEMENTATIONS = YES;
				CLANG_WARN_DIRECT_OBJC_ISA_USAGE = YES_ERROR;
				CLANG_WARN_DOCUMENTATION_COMMENTS = YES;
				CLANG_WARN_EMPTY_BODY = YES;
				CLANG_WARN_ENUM_CONVERSION = YES;
				CLANG_WARN_INFINITE_RECURSION = YES;
				CLANG_WARN_INT_CONVERSION = YES;
				CLANG_WARN_NON_LITERAL_NULL_CONVERSION = YES;
				CLANG_WARN_OBJC_IMPLICIT_RETAIN_SELF = YES;
				CLANG_WARN_OBJC_LITERAL_CONVERSION = YES;
				CLANG_WARN_OBJC_ROOT_CLASS = YES_ERROR;
				CLANG_WARN_QUOTED_INCLUDE_IN_FRAMEWORK_HEADER = YES;
				CLANG_WARN_RANGE_LOOP_ANALYSIS = YES;
				CLANG_WARN_STRICT_PROTOTYPES = YES;
				CLANG_WARN_SUSPICIOUS_MOVE = YES;
				CLANG_WARN_UNGUARDED_AVAILABILITY = YES_AGGRESSIVE;
				CLANG_WARN_UNREACHABLE_CODE = YES;
				CLANG_WARN__DUPLICATE_METHOD_MATCH = YES;
				COPY_PHASE_STRIP = NO;
				DEBUG_INFORMATION_FORMAT = dwarf;
				ENABLE_STRICT_OBJC_MSGSEND = YES;
				ENABLE_TESTABILITY = YES;
				GCC_C_LANGUAGE_STANDARD = gnu11;
				GCC_DYNAMIC_NO_PIC = NO;
				GCC_NO_COMMON_BLOCKS = YES;
				GCC_OPTIMIZATION_LEVEL = 0;
				GCC_PREPROCESSOR_DEFINITIONS = (
					"DEBUG=1",
					"$(inherited)",
				);
				GCC_WARN_64_TO_32_BIT_CONVERSION = YES;
				GCC_WARN_ABOUT_RETURN_TYPE = YES_ERROR;
				GCC_WARN_UNDECLARED_SELECTOR = YES;
				GCC_WARN_UNINITIALIZED_AUTOS = YES_AGGRESSIVE;
				GCC_WARN_UNUSED_FUNCTION = YES;
				GCC_WARN_UNUSED_VARIABLE = YES;
				IPHONEOS_DEPLOYMENT_TARGET = 15.4;
				MTL_ENABLE_DEBUG_INFO = INCLUDE_SOURCE;
				MTL_FAST_MATH = YES;
				ONLY_ACTIVE_ARCH = YES;
				SDKROOT = iphoneos;
				SWIFT_ACTIVE_COMPILATION_CONDITIONS = DEBUG;
				SWIFT_OPTIMIZATION_LEVEL = "-Onone";
			};
			name = Debug;
		};
		EE893C462867529300977424 /* Release */ = {
			isa = XCBuildConfiguration;
			buildSettings = {
				ALWAYS_SEARCH_USER_PATHS = NO;
				CLANG_ANALYZER_NONNULL = YES;
				CLANG_ANALYZER_NUMBER_OBJECT_CONVERSION = YES_AGGRESSIVE;
				CLANG_CXX_LANGUAGE_STANDARD = "gnu++17";
				CLANG_ENABLE_MODULES = YES;
				CLANG_ENABLE_OBJC_ARC = YES;
				CLANG_ENABLE_OBJC_WEAK = YES;
				CLANG_WARN_BLOCK_CAPTURE_AUTORELEASING = YES;
				CLANG_WARN_BOOL_CONVERSION = YES;
				CLANG_WARN_COMMA = YES;
				CLANG_WARN_CONSTANT_CONVERSION = YES;
				CLANG_WARN_DEPRECATED_OBJC_IMPLEMENTATIONS = YES;
				CLANG_WARN_DIRECT_OBJC_ISA_USAGE = YES_ERROR;
				CLANG_WARN_DOCUMENTATION_COMMENTS = YES;
				CLANG_WARN_EMPTY_BODY = YES;
				CLANG_WARN_ENUM_CONVERSION = YES;
				CLANG_WARN_INFINITE_RECURSION = YES;
				CLANG_WARN_INT_CONVERSION = YES;
				CLANG_WARN_NON_LITERAL_NULL_CONVERSION = YES;
				CLANG_WARN_OBJC_IMPLICIT_RETAIN_SELF = YES;
				CLANG_WARN_OBJC_LITERAL_CONVERSION = YES;
				CLANG_WARN_OBJC_ROOT_CLASS = YES_ERROR;
				CLANG_WARN_QUOTED_INCLUDE_IN_FRAMEWORK_HEADER = YES;
				CLANG_WARN_RANGE_LOOP_ANALYSIS = YES;
				CLANG_WARN_STRICT_PROTOTYPES = YES;
				CLANG_WARN_SUSPICIOUS_MOVE = YES;
				CLANG_WARN_UNGUARDED_AVAILABILITY = YES_AGGRESSIVE;
				CLANG_WARN_UNREACHABLE_CODE = YES;
				CLANG_WARN__DUPLICATE_METHOD_MATCH = YES;
				COPY_PHASE_STRIP = NO;
				DEBUG_INFORMATION_FORMAT = "dwarf-with-dsym";
				ENABLE_NS_ASSERTIONS = NO;
				ENABLE_STRICT_OBJC_MSGSEND = YES;
				GCC_C_LANGUAGE_STANDARD = gnu11;
				GCC_NO_COMMON_BLOCKS = YES;
				GCC_WARN_64_TO_32_BIT_CONVERSION = YES;
				GCC_WARN_ABOUT_RETURN_TYPE = YES_ERROR;
				GCC_WARN_UNDECLARED_SELECTOR = YES;
				GCC_WARN_UNINITIALIZED_AUTOS = YES_AGGRESSIVE;
				GCC_WARN_UNUSED_FUNCTION = YES;
				GCC_WARN_UNUSED_VARIABLE = YES;
				IPHONEOS_DEPLOYMENT_TARGET = 15.4;
				MTL_ENABLE_DEBUG_INFO = NO;
				MTL_FAST_MATH = YES;
				SDKROOT = iphoneos;
				SWIFT_COMPILATION_MODE = wholemodule;
				SWIFT_OPTIMIZATION_LEVEL = "-O";
				VALIDATE_PRODUCT = YES;
			};
			name = Release;
		};
		EE893C482867529300977424 /* Debug */ = {
			isa = XCBuildConfiguration;
			buildSettings = {
				ASSETCATALOG_COMPILER_APPICON_NAME = AppIcon;
				ASSETCATALOG_COMPILER_GLOBAL_ACCENT_COLOR_NAME = AccentColor;
				CODE_SIGN_STYLE = Automatic;
				CURRENT_PROJECT_VERSION = 1;
				DEVELOPMENT_TEAM = F88K3S475Z;
				GENERATE_INFOPLIST_FILE = YES;
				INFOPLIST_FILE = QuizlerMultiple/Info.plist;
				INFOPLIST_KEY_UIApplicationSupportsIndirectInputEvents = YES;
				INFOPLIST_KEY_UILaunchStoryboardName = LaunchScreen;
				INFOPLIST_KEY_UIMainStoryboardFile = Main;
				INFOPLIST_KEY_UISupportedInterfaceOrientations_iPad = "UIInterfaceOrientationPortrait UIInterfaceOrientationPortraitUpsideDown UIInterfaceOrientationLandscapeLeft UIInterfaceOrientationLandscapeRight";
				INFOPLIST_KEY_UISupportedInterfaceOrientations_iPhone = "UIInterfaceOrientationPortrait UIInterfaceOrientationLandscapeLeft UIInterfaceOrientationLandscapeRight";
				LD_RUNPATH_SEARCH_PATHS = (
					"$(inherited)",
					"@executable_path/Frameworks",
				);
				MARKETING_VERSION = 1.0;
				PRODUCT_BUNDLE_IDENTIFIER = com.simgesisman.QuizlerMultiple;
				PRODUCT_NAME = "$(TARGET_NAME)";
				SWIFT_EMIT_LOC_STRINGS = YES;
				SWIFT_VERSION = 5.0;
				TARGETED_DEVICE_FAMILY = 1;
			};
			name = Debug;
		};
		EE893C492867529300977424 /* Release */ = {
			isa = XCBuildConfiguration;
			buildSettings = {
				ASSETCATALOG_COMPILER_APPICON_NAME = AppIcon;
				ASSETCATALOG_COMPILER_GLOBAL_ACCENT_COLOR_NAME = AccentColor;
				CODE_SIGN_STYLE = Automatic;
				CURRENT_PROJECT_VERSION = 1;
				DEVELOPMENT_TEAM = F88K3S475Z;
				GENERATE_INFOPLIST_FILE = YES;
				INFOPLIST_FILE = QuizlerMultiple/Info.plist;
				INFOPLIST_KEY_UIApplicationSupportsIndirectInputEvents = YES;
				INFOPLIST_KEY_UILaunchStoryboardName = LaunchScreen;
				INFOPLIST_KEY_UIMainStoryboardFile = Main;
				INFOPLIST_KEY_UISupportedInterfaceOrientations_iPad = "UIInterfaceOrientationPortrait UIInterfaceOrientationPortraitUpsideDown UIInterfaceOrientationLandscapeLeft UIInterfaceOrientationLandscapeRight";
				INFOPLIST_KEY_UISupportedInterfaceOrientations_iPhone = "UIInterfaceOrientationPortrait UIInterfaceOrientationLandscapeLeft UIInterfaceOrientationLandscapeRight";
				LD_RUNPATH_SEARCH_PATHS = (
					"$(inherited)",
					"@executable_path/Frameworks",
				);
				MARKETING_VERSION = 1.0;
				PRODUCT_BUNDLE_IDENTIFIER = com.simgesisman.QuizlerMultiple;
				PRODUCT_NAME = "$(TARGET_NAME)";
				SWIFT_EMIT_LOC_STRINGS = YES;
				SWIFT_VERSION = 5.0;
				TARGETED_DEVICE_FAMILY = 1;
			};
			name = Release;
		};
/* End XCBuildConfiguration section */

/* Begin XCConfigurationList section */
		EE893C2E2867529100977424 /* Build configuration list for PBXProject "QuizlerMultiple" */ = {
			isa = XCConfigurationList;
			buildConfigurations = (
				EE893C452867529300977424 /* Debug */,
				EE893C462867529300977424 /* Release */,
			);
			defaultConfigurationIsVisible = 0;
			defaultConfigurationName = Release;
		};
		EE893C472867529300977424 /* Build configuration list for PBXNativeTarget "QuizlerMultiple" */ = {
			isa = XCConfigurationList;
			buildConfigurations = (
				EE893C482867529300977424 /* Debug */,
				EE893C492867529300977424 /* Release */,
			);
			defaultConfigurationIsVisible = 0;
			defaultConfigurationName = Release;
		};
/* End XCConfigurationList section */
	};
	rootObject = EE893C2B2867529100977424 /* Project object */;
}
